
Microsoft Visual Studio Solution File, Format Version 12.00
# Visual Studio Version 16
VisualStudioVersion = 16.0.30413.136
MinimumVisualStudioVersion = 10.0.40219.1
Project("{FAE04EC0-301F-11D3-BF4B-00C04F79EFBC}") = "acad-sheetset-to-pdf", "acad-sheetset-to-pdf\acad-sheetset-to-pdf.csproj", "{6B8C8C20-EA94-4608-9523-1D258AF5070E}"
EndProject
Global
	GlobalSection(SolutionConfigurationPlatforms) = preSolution
		Debug|Any CPU = Debug|Any CPU
		Release|Any CPU = Release|Any CPU
	EndGlobalSection
	GlobalSection(ProjectConfigurationPlatforms) = postSolution
		{6B8C8C20-EA94-4608-9523-1D258AF5070E}.Debug|Any CPU.ActiveCfg = Debug|Any CPU
		{6B8C8C20-EA94-4608-9523-1D258AF5070E}.Debug|Any CPU.Build.0 = Debug|Any CPU
		{6B8C8C20-EA94-4608-9523-1D258AF5070E}.Release|Any CPU.ActiveCfg = Release|Any CPU
		{6B8C8C20-EA94-4608-9523-1D258AF5070E}.Release|Any CPU.Build.0 = Release|Any CPU
	EndGlobalSection
	GlobalSection(SolutionProperties) = preSolution
		HideSolutionNode = FALSE
	EndGlobalSection
	GlobalSection(ExtensibilityGlobals) = postSolution
		SolutionGuid = {7FA8B9BF-BB9F-4D04-984E-AEFF06481920}
	EndGlobalSection
EndGlobal
